{"name": "menu", "lockfileVersion": 3, "requires": true, "packages": {"": {"dependencies": {"lucide": "^0.433.0"}}, "node_modules/lucide": {"version": "0.433.0", "resolved": "https://registry.npmjs.org/lucide/-/lucide-0.433.0.tgz", "integrity": "sha512-RoyCuCYA0H1Fs0ImTjdpWCcpzvEGnKg5wLqlmAGLYLMJ0/YvjkbLSxbsFRJcZMDoWTBz1IiZ+6sHjJwuoIXURw=="}}}